
Microsoft Visual Studio Solution File, Format Version 12.00
Project("{2150E333-8FDC-42A3-9474-1A3956D46DE8}") = "Domain", "Domain", "{03393F20-9D49-4AD3-8623-3B223C108563}"
EndProject
Project("{FAE04EC0-301F-11D3-BF4B-00C04F79EFBC}") = "Todolists.Domain.Core", "Todolists.Domain.Core\Todolists.Domain.Core.csproj", "{C4C90B12-F57A-47F4-B3F8-33C3CC65F9DF}"
EndProject
Project("{FAE04EC0-301F-11D3-BF4B-00C04F79EFBC}") = "Todolists.Domain.Services", "Todolists.Domain.Services\Todolists.Domain.Services.csproj", "{84B0EB42-48EE-47C8-833E-BED002BC60B8}"
EndProject
Project("{2150E333-8FDC-42A3-9474-1A3956D46DE8}") = "Infrastructure", "Infrastructure", "{46918B4A-0E8F-45EA-A34A-7142BF117A11}"
EndProject
Project("{FAE04EC0-301F-11D3-BF4B-00C04F79EFBC}") = "Todolists.Infrastructure.Base", "Todolists.Infrastructure.Base\Todolists.Infrastructure.Base.csproj", "{19EAE17A-45A0-41F5-B2E3-BF7D23E8969D}"
EndProject
Project("{FAE04EC0-301F-11D3-BF4B-00C04F79EFBC}") = "Todolists.Infrastructure.DataAccess", "Todolists.Infrastructure.DataAccess\Todolists.Infrastructure.DataAccess.csproj", "{F3B0F156-89E2-4B84-8E01-6A75311B063C}"
EndProject
Global
	GlobalSection(SolutionConfigurationPlatforms) = preSolution
		Debug|Any CPU = Debug|Any CPU
		Release|Any CPU = Release|Any CPU
	EndGlobalSection
	GlobalSection(NestedProjects) = preSolution
		{C4C90B12-F57A-47F4-B3F8-33C3CC65F9DF} = {03393F20-9D49-4AD3-8623-3B223C108563}
		{84B0EB42-48EE-47C8-833E-BED002BC60B8} = {03393F20-9D49-4AD3-8623-3B223C108563}
		{19EAE17A-45A0-41F5-B2E3-BF7D23E8969D} = {46918B4A-0E8F-45EA-A34A-7142BF117A11}
		{F3B0F156-89E2-4B84-8E01-6A75311B063C} = {46918B4A-0E8F-45EA-A34A-7142BF117A11}
	EndGlobalSection
	GlobalSection(ProjectConfigurationPlatforms) = postSolution
		{C4C90B12-F57A-47F4-B3F8-33C3CC65F9DF}.Debug|Any CPU.ActiveCfg = Debug|Any CPU
		{C4C90B12-F57A-47F4-B3F8-33C3CC65F9DF}.Debug|Any CPU.Build.0 = Debug|Any CPU
		{C4C90B12-F57A-47F4-B3F8-33C3CC65F9DF}.Release|Any CPU.ActiveCfg = Release|Any CPU
		{C4C90B12-F57A-47F4-B3F8-33C3CC65F9DF}.Release|Any CPU.Build.0 = Release|Any CPU
		{84B0EB42-48EE-47C8-833E-BED002BC60B8}.Debug|Any CPU.ActiveCfg = Debug|Any CPU
		{84B0EB42-48EE-47C8-833E-BED002BC60B8}.Debug|Any CPU.Build.0 = Debug|Any CPU
		{84B0EB42-48EE-47C8-833E-BED002BC60B8}.Release|Any CPU.ActiveCfg = Release|Any CPU
		{84B0EB42-48EE-47C8-833E-BED002BC60B8}.Release|Any CPU.Build.0 = Release|Any CPU
		{19EAE17A-45A0-41F5-B2E3-BF7D23E8969D}.Debug|Any CPU.ActiveCfg = Debug|Any CPU
		{19EAE17A-45A0-41F5-B2E3-BF7D23E8969D}.Debug|Any CPU.Build.0 = Debug|Any CPU
		{19EAE17A-45A0-41F5-B2E3-BF7D23E8969D}.Release|Any CPU.ActiveCfg = Release|Any CPU
		{19EAE17A-45A0-41F5-B2E3-BF7D23E8969D}.Release|Any CPU.Build.0 = Release|Any CPU
		{F3B0F156-89E2-4B84-8E01-6A75311B063C}.Debug|Any CPU.ActiveCfg = Debug|Any CPU
		{F3B0F156-89E2-4B84-8E01-6A75311B063C}.Debug|Any CPU.Build.0 = Debug|Any CPU
		{F3B0F156-89E2-4B84-8E01-6A75311B063C}.Release|Any CPU.ActiveCfg = Release|Any CPU
		{F3B0F156-89E2-4B84-8E01-6A75311B063C}.Release|Any CPU.Build.0 = Release|Any CPU
	EndGlobalSection
EndGlobal
